version = 1
revision = 1
requires-python = ">=3.12"

[[package]]
name = "cag"
version = "0.1.0"
source = { git = "https://github.com/panalexeu/cag.git#6ab52a86ec08d43c5d7a371cf81d4c6725acc0fd" }
dependencies = [
    { name = "python-magic" },
]

[[package]]
name = "cli-cag"
version = "0.1.0"
source = { virtual = "." }
dependencies = [
    { name = "cag" },
]

[package.metadata]
requires-dist = [{ name = "cag", git = "https://github.com/panalexeu/cag.git" }]

[[package]]
name = "python-magic"
version = "0.4.27"
source = { registry = "https://pypi.org/simple" }
sdist = { url = "https://files.pythonhosted.org/packages/da/db/0b3e28ac047452d079d375ec6798bf76a036a08182dbb39ed38116a49130/python-magic-0.4.27.tar.gz", hash = "sha256:c1ba14b08e4a5f5c31a302b7721239695b2f0f058d125bd5ce1ee36b9d9d3c3b", size = 14677 }
wheels = [
    { url = "https://files.pythonhosted.org/packages/6c/73/9f872cb81fc5c3bb48f7227872c28975f998f3e7c2b1c16e95e6432bbb90/python_magic-0.4.27-py2.py3-none-any.whl", hash = "sha256:c212960ad306f700aa0d01e5d7a325d20548ff97eb9920dcd29513174f0294d3", size = 13840 },
]
